
Microsoft Visual Studio Solution File, Format Version 12.00
# Visual Studio 15
Project("{FAE04EC0-301F-11D3-BF4B-00C04F79EFBC}") = "navigator", "navigator\navigator.csproj", "{51DCE53F-596B-4A63-AF0B-6FD58697F934}"
EndProject
Global
	GlobalSection(SolutionConfigurationPlatforms) = preSolution
		Debug|Any CPU = Debug|Any CPU
		Release|Any CPU = Release|Any CPU
	EndGlobalSection
	GlobalSection(ProjectConfigurationPlatforms) = postSolution
		{51DCE53F-596B-4A63-AF0B-6FD58697F934}.Debug|Any CPU.ActiveCfg = Debug|Any CPU
		{51DCE53F-596B-4A63-AF0B-6FD58697F934}.Debug|Any CPU.Build.0 = Debug|Any CPU
		{51DCE53F-596B-4A63-AF0B-6FD58697F934}.Release|Any CPU.ActiveCfg = Release|Any CPU
		{51DCE53F-596B-4A63-AF0B-6FD58697F934}.Release|Any CPU.Build.0 = Release|Any CPU
	EndGlobalSection
EndGlobal
